
Microsoft Visual Studio Solution File, Format Version 12.00
# Visual Studio Version 16
VisualStudioVersion = 16.0.31205.134
MinimumVisualStudioVersion = 10.0.40219.1
Project("{FAE04EC0-301F-11D3-BF4B-00C04F79EFBC}") = "Trabalho N2", "Trabalho N2\Trabalho N2.csproj", "{94C2B060-08B0-4FBE-8DB1-318DF690718E}"
EndProject
Global
	GlobalSection(SolutionConfigurationPlatforms) = preSolution
		Debug|Any CPU = Debug|Any CPU
		Release|Any CPU = Release|Any CPU
	EndGlobalSection
	GlobalSection(ProjectConfigurationPlatforms) = postSolution
		{94C2B060-08B0-4FBE-8DB1-318DF690718E}.Debug|Any CPU.ActiveCfg = Debug|Any CPU
		{94C2B060-08B0-4FBE-8DB1-318DF690718E}.Debug|Any CPU.Build.0 = Debug|Any CPU
		{94C2B060-08B0-4FBE-8DB1-318DF690718E}.Release|Any CPU.ActiveCfg = Release|Any CPU
		{94C2B060-08B0-4FBE-8DB1-318DF690718E}.Release|Any CPU.Build.0 = Release|Any CPU
	EndGlobalSection
	GlobalSection(SolutionProperties) = preSolution
		HideSolutionNode = FALSE
	EndGlobalSection
	GlobalSection(ExtensibilityGlobals) = postSolution
		SolutionGuid = {D47ED758-0DEF-45ED-BD65-12A15D982D01}
	EndGlobalSection
EndGlobal
